{
  "requires": true,
  "lockfileVersion": 1,
  "dependencies": {
    "async-mutex": {
      "version": "0.3.1",
      "resolved": "https://registry.npmjs.org/async-mutex/-/async-mutex-0.3.1.tgz",
      "integrity": "sha512-vRfQwcqBnJTLzVQo72Sf7KIUbcSUP5hNchx6udI1U6LuPQpfePgdjJzlCe76yFZ8pxlLjn9lwcl/Ya0TSOv0Tw==",
      "requires": {
        "tslib": "^2.1.0"
      }
    },
    "google-protobuf": {
      "version": "3.17.3",
      "resolved": "https://registry.npmjs.org/google-protobuf/-/google-protobuf-3.17.3.tgz",
      "integrity": "sha512-OVPzcSWIAJ+d5yiHyeaLrdufQtrvaBrF4JQg+z8ynTkbO3uFcujqXszTumqg1cGsAsjkWnI+M5B1xZ19yR4Wyg=="
    },
    "loglevel": {
      "version": "1.7.1",
      "resolved": "https://registry.npmjs.org/loglevel/-/loglevel-1.7.1.tgz",
      "integrity": "sha512-Hesni4s5UkWkwCGJMQGAh71PaLUmKFM60dHvq0zi/vDhhrzuk+4GgNbTXJ12YYQJn6ZKBDNIjYcuQGKudvqrIw=="
    },
    "neverthrow": {
      "version": "4.2.2",
      "resolved": "https://registry.npmjs.org/neverthrow/-/neverthrow-4.2.2.tgz",
      "integrity": "sha512-zmJ1Oo368VlI7Fp2p+uD3ekkEEYzHr4ZlTE/4vfjA+TPtstftvJ3meIS2EReKy604wVXb+N+8XtwN98Mc1jJsA=="
    },
    "tslib": {
      "version": "2.3.1",
      "resolved": "https://registry.npmjs.org/tslib/-/tslib-2.3.1.tgz",
      "integrity": "sha512-77EbyPPpMz+FRFRuAFlWMtmgUWGe9UOG2Z25NqCwiIjRhOf5iKGuzSe5P2w1laq+FkRy4p+PCuVkJSGkzTEKVw=="
    }
  }
}
