{
  "requires": true,
  "lockfileVersion": 1,
  "dependencies": {
    "neverthrow": {
      "version": "4.2.2",
      "resolved": "https://registry.npmjs.org/neverthrow/-/neverthrow-4.2.2.tgz",
      "integrity": "sha512-zmJ1Oo368VlI7Fp2p+uD3ekkEEYzHr4ZlTE/4vfjA+TPtstftvJ3meIS2EReKy604wVXb+N+8XtwN98Mc1jJsA=="
    }
  }
}
